version = 1
revision = 3
requires-python = "==3.12.*"
resolution-markers = [
    "sys_platform == 'darwin'",
    "platform_machine == 'aarch64' and sys_platform == 'linux'",
    "(platform_machine != 'aarch64' and sys_platform == 'linux') or (sys_platform != 'darwin' and sys_platform != 'linux')",
]

[[package]]
name = "annotated-types"
version = "0.7.0"
source = { registry = "https://pypi.org/simple" }
sdist = { url = "https://files.pythonhosted.org/packages/ee/67/531ea369ba64dcff5ec9c3402f9f51bf748cec26dde048a2f973a4eea7f5/annotated_types-0.7.0.tar.gz", hash = "sha256:aff07c09a53a08bc8cfccb9c85b05f1aa9a2a6f23728d790723543408344ce89", size = 16081, upload-time = "2024-05-20T21:33:25.928Z" }
wheels = [
    { url = "https://files.pythonhosted.org/packages/78/b6/6307fbef88d9b5ee7421e68d78a9f162e0da4900bc5f5793f6d3d0e34fb8/annotated_types-0.7.0-py3-none-any.whl", hash = "sha256:1f02e8b43a8fbbc3f3e0d4f0f4bfc8131bcb4eebe8849b8e5c773f3a1c582a53", size = 13643, upload-time = "2024-05-20T21:33:24.1Z" },
]

[[package]]
name = "anyio"
version = "4.14.2"
source = { registry = "https://pypi.org/simple" }
dependencies = [
    { name = "idna" },
    { name = "typing-extensions" },
]
sdist = { url = "https://files.pythonhosted.org/packages/61/cc/a381afa6efea9f496eff839d4a6a1aed3bfafc7b3ab4b0d1b243a12573dd/anyio-4.14.2.tar.gz", hash = "sha256:cfa139f3ed1a23ee8f88a145ddb5ac7605b8bbfd8592baacd7ce3d8bb4313c7f", size = 260176, upload-time = "2026-07-12T20:29:07.082Z" }
wheels = [
    { url = "https://files.pythonhosted.org/packages/da/35/f2287558c17e29fafc8ef3daf819bb9834061cfa43bff8014f7df7f63bdc/anyio-4.14.2-py3-none-any.whl", hash = "sha256:9f505dda5ac9f0c8309b5e8bd445a8c2bf7246f3ce950121e45ea15bc41d1494", size = 125813, upload-time = "2026-07-12T20:29:05.763Z" },
]

[[package]]
name = "certifi"
version = "2026.6.17"
source = { registry = "https://pypi.org/simple" }
sdist = { url = "https://files.pythonhosted.org/packages/c9/c7/424b75da314c1045981bd9777432fad05a9e0c69daa4ed7e308bbaffe405/certifi-2026.6.17.tar.gz", hash = "sha256:024c88eeec92ca068db80f02b8b07c9cef7b9fe261d1d535abfd5abd6f6af432", size = 134594, upload-time = "2026-06-17T10:31:07.894Z" }
wheels = [
    { url = "https://files.pythonhosted.org/packages/ef/2f/c5464532e965badff2f4c4c1a3a83f5697f0d7c407ed0cda44aaa99bb451/certifi-2026.6.17-py3-none-any.whl", hash = "sha256:2227dcbaafe0d2f59279d1762ddddc37783ed4354594f194ffc31d20f41fc3db", size = 133289, upload-time = "2026-06-17T10:31:06.348Z" },
]

[[package]]
name = "colorama"
version = "0.4.6"
source = { registry = "https://pypi.org/simple" }
sdist = { url = "https://files.pythonhosted.org/packages/d8/53/6f443c9a4a8358a93a6792e2acffb9d9d5cb0a5cfd8802644b7b1c9a02e4/colorama-0.4.6.tar.gz", hash = "sha256:08695f5cb7ed6e0531a20572697297273c47b8cae5a63ffc6d6ed5c201be6e44", size = 27697, upload-time = "2022-10-25T02:36:22.414Z" }
wheels = [
    { url = "https://files.pythonhosted.org/packages/d1/d6/3965ed04c63042e047cb6a3e6ed1a63a35087b6a609aa3a15ed8ac56c221/colorama-0.4.6-py2.py3-none-any.whl", hash = "sha256:4f1d9991f5acc0ca119f9d443620b77f9d6b33703e51011c16baf57afb285fc6", size = 25335, upload-time = "2022-10-25T02:36:20.889Z" },
]

[[package]]
name = "h11"
version = "0.16.0"
source = { registry = "https://pypi.org/simple" }
sdist = { url = "https://files.pythonhosted.org/packages/01/ee/02a2c011bdab74c6fb3c75474d40b3052059d95df7e73351460c8588d963/h11-0.16.0.tar.gz", hash = "sha256:4e35b956cf45792e4caa5885e69fba00bdbc6ffafbfa020300e549b208ee5ff1", size = 101250, upload-time = "2025-04-24T03:35:25.427Z" }
wheels = [
    { url = "https://files.pythonhosted.org/packages/04/4b/29cac41a4d98d144bf5f6d33995617b185d14b22401f75ca86f384e87ff1/h11-0.16.0-py3-none-any.whl", hash = "sha256:63cf8bbe7522de3bf65932fda1d9c2772064ffb3dae62d55932da54b31cb6c86", size = 37515, upload-time = "2025-04-24T03:35:24.344Z" },
]

[[package]]
name = "httpcore"
version = "1.0.9"
source = { registry = "https://pypi.org/simple" }
dependencies = [
    { name = "certifi" },
    { name = "h11" },
]
sdist = { url = "https://files.pythonhosted.org/packages/06/94/82699a10bca87a5556c9c59b5963f2d039dbd239f25bc2a63907a05a14cb/httpcore-1.0.9.tar.gz", hash = "sha256:6e34463af53fd2ab5d807f399a9b45ea31c3dfa2276f15a2c3f00afff6e176e8", size = 85484, upload-time = "2025-04-24T22:06:22.219Z" }
wheels = [
    { url = "https://files.pythonhosted.org/packages/7e/f5/f66802a942d491edb555dd61e3a9961140fd64c90bce1eafd741609d334d/httpcore-1.0.9-py3-none-any.whl", hash = "sha256:2d400746a40668fc9dec9810239072b40b4484b640a8c38fd654a024c7a1bf55", size = 78784, upload-time = "2025-04-24T22:06:20.566Z" },
]

[[package]]
name = "httpx"
version = "0.27.0"
source = { registry = "https://pypi.org/simple" }
dependencies = [
    { name = "anyio" },
    { name = "certifi" },
    { name = "httpcore" },
    { name = "idna" },
    { name = "sniffio" },
]
sdist = { url = "https://files.pythonhosted.org/packages/5c/2d/3da5bdf4408b8b2800061c339f240c1802f2e82d55e50bd39c5a881f47f0/httpx-0.27.0.tar.gz", hash = "sha256:a0cb88a46f32dc874e04ee956e4c2764aba2aa228f650b06788ba6bda2962ab5", size = 126413, upload-time = "2024-02-21T13:07:52.434Z" }
wheels = [
    { url = "https://files.pythonhosted.org/packages/41/7b/ddacf6dcebb42466abd03f368782142baa82e08fc0c1f8eaa05b4bae87d5/httpx-0.27.0-py3-none-any.whl", hash = "sha256:71d5465162c13681bff01ad59b2cc68dd838ea1f10e51574bac27103f00c91a5", size = 75590, upload-time = "2024-02-21T13:07:50.455Z" },
]

[[package]]
name = "idna"
version = "3.18"
source = { registry = "https://pypi.org/simple" }
sdist = { url = "https://files.pythonhosted.org/packages/cd/63/9496c57188a2ee585e0f1db071d75089a11e98aa86eb99d9d7618fc1edce/idna-3.18.tar.gz", hash = "sha256:ffb385a7e039654cef1ab9ef32c6fafe283c0c0467bba1d9029738ce4a14a848", size = 196711, upload-time = "2026-06-02T14:34:07.794Z" }
wheels = [
    { url = "https://files.pythonhosted.org/packages/1e/5e/d4e9f1a599fb8e573b7b87160658329fbf28d19eac2718f51fc3def3aa5a/idna-3.18-py3-none-any.whl", hash = "sha256:7f952cbe720b688055e3f87de14f5c3e5fdaa8bc3928985c4077ca689de849a2", size = 65455, upload-time = "2026-06-02T14:34:06.319Z" },
]

[[package]]
name = "iniconfig"
version = "2.3.0"
source = { registry = "https://pypi.org/simple" }
sdist = { url = "https://files.pythonhosted.org/packages/72/34/14ca021ce8e5dfedc35312d08ba8bf51fdd999c576889fc2c24cb97f4f10/iniconfig-2.3.0.tar.gz", hash = "sha256:c76315c77db068650d49c5b56314774a7804df16fee4402c1f19d6d15d8c4730", size = 20503, upload-time = "2025-10-18T21:55:43.219Z" }
wheels = [
    { url = "https://files.pythonhosted.org/packages/cb/b1/3846dd7f199d53cb17f49cba7e651e9ce294d8497c8c150530ed11865bb8/iniconfig-2.3.0-py3-none-any.whl", hash = "sha256:f631c04d2c48c52b84d0d0549c99ff3859c98df65b3101406327ecc7d53fbf12", size = 7484, upload-time = "2025-10-18T21:55:41.639Z" },
]

[[package]]
name = "namma-dashcam"
version = "0.1.0"
source = { editable = "." }
dependencies = [
    { name = "httpx" },
    { name = "numpy" },
    { name = "opencv-python-headless" },
    { name = "pydantic" },
    { name = "pydantic-settings" },
]

[package.optional-dependencies]
dev = [
    { name = "pytest" },
    { name = "ruff" },
    { name = "ty" },
]

[package.metadata]
requires-dist = [
    { name = "httpx", specifier = "==0.27.0" },
    { name = "numpy", specifier = "==2.1.0" },
    { name = "opencv-python-headless", specifier = "==4.10.0.84" },
    { name = "pydantic", specifier = "==2.8.2" },
    { name = "pydantic-settings", specifier = "==2.3.4" },
    { name = "pytest", marker = "extra == 'dev'", specifier = "==8.3.2" },
    { name = "ruff", marker = "extra == 'dev'", specifier = "==0.6.2" },
    { name = "ty", marker = "extra == 'dev'", specifier = "==0.0.29" },
]
provides-extras = ["dev"]

[[package]]
name = "numpy"
version = "2.1.0"
source = { registry = "https://pypi.org/simple" }
sdist = { url = "https://files.pythonhosted.org/packages/54/a4/f8188c4f3e07f7737683588210c073478abcb542048cf4ab6fedad0b458a/numpy-2.1.0.tar.gz", hash = "sha256:7dc90da0081f7e1da49ec4e398ede6a8e9cc4f5ebe5f9e06b443ed889ee9aaa2", size = 18868922, upload-time = "2024-08-18T22:13:47.46Z" }
wheels = [
    { url = "https://files.pythonhosted.org/packages/eb/f5/a06a231cbeea4aff841ff744a12e4bf4d4407f2c753d13ce4563aa126c90/numpy-2.1.0-cp312-cp312-macosx_10_9_x86_64.whl", hash = "sha256:fe76d75b345dc045acdbc006adcb197cc680754afd6c259de60d358d60c93736", size = 20882951, upload-time = "2024-08-18T21:51:09.966Z" },
    { url = "https://files.pythonhosted.org/packages/70/1d/4ad38e3a1840f72c29595c06b103ecd9119f260e897ff7e88a74adb0ca14/numpy-2.1.0-cp312-cp312-macosx_11_0_arm64.whl", hash = "sha256:f358ea9e47eb3c2d6eba121ab512dfff38a88db719c38d1e67349af210bc7529", size = 13491878, upload-time = "2024-08-18T21:51:55.442Z" },
    { url = "https://files.pythonhosted.org/packages/b4/3b/569055d01ed80634d6be6ceef8fb28eb0866e4f98c2d97667dcf9fae3e22/numpy-2.1.0-cp312-cp312-macosx_14_0_arm64.whl", hash = "sha256:dd94ce596bda40a9618324547cfaaf6650b1a24f5390350142499aa4e34e53d1", size = 5087346, upload-time = "2024-08-18T21:52:08.532Z" },
    { url = "https://files.pythonhosted.org/packages/24/37/212dd6fbd298c467b80d4d6217b2bc902b520e96a967b59f72603bf1142f/numpy-2.1.0-cp312-cp312-macosx_14_0_x86_64.whl", hash = "sha256:b47c551c6724960479cefd7353656498b86e7232429e3a41ab83be4da1b109e8", size = 6618269, upload-time = "2024-08-18T21:52:33.419Z" },
    { url = "https://files.pythonhosted.org/packages/33/4d/435c143c06e16c8bfccbfd9af252b0a8ac7897e0c0e36e539d75a75e91b4/numpy-2.1.0-cp312-cp312-manylinux_2_17_aarch64.manylinux2014_aarch64.whl", hash = "sha256:a0756a179afa766ad7cb6f036de622e8a8f16ffdd55aa31f296c870b5679d745", size = 13695244, upload-time = "2024-08-18T21:53:30.224Z" },
    { url = "https://files.pythonhosted.org/packages/48/3e/bf807eb050abc23adc556f34fcf931ca2d67ad8dfc9c17fcd9332c01347f/numpy-2.1.0-cp312-cp312-manylinux_2_17_x86_64.manylinux2014_x86_64.whl", hash = "sha256:24003ba8ff22ea29a8c306e61d316ac74111cebf942afbf692df65509a05f111", size = 16040181, upload-time = "2024-08-18T21:54:36.021Z" },
    { url = "https://files.pythonhosted.org/packages/cd/a9/40dc96b5d43076836d82d1e84a3a4a6a4c2925a53ec0b7f31271434ff02c/numpy-2.1.0-cp312-cp312-musllinux_1_1_x86_64.whl", hash = "sha256:b34fa5e3b5d6dc7e0a4243fa0f81367027cb6f4a7215a17852979634b5544ee0", size = 16407920, upload-time = "2024-08-18T21:55:32.738Z" },
    { url = "https://files.pythonhosted.org/packages/cc/77/39e44cf0a6eb0f93b18ffb00f1964b2c471b1df5605aee486c221b06a8e4/numpy-2.1.0-cp312-cp312-musllinux_1_2_aarch64.whl", hash = "sha256:c4f982715e65036c34897eb598d64aef15150c447be2cfc6643ec7a11af06574", size = 14170943, upload-time = "2024-08-18T21:56:14.281Z" },
    { url = "https://files.pythonhosted.org/packages/54/02/f0a3c2ec1622dc4346bd126e2578948c7192b3838c893a3d215738fb367b/numpy-2.1.0-cp312-cp312-win32.whl", hash = "sha256:c4cd94dfefbefec3f8b544f61286584292d740e6e9d4677769bc76b8f41deb02", size = 6235947, upload-time = "2024-08-18T21:56:31.76Z" },
    { url = "https://files.pythonhosted.org/packages/8c/bf/d9d214a9dff020ad1663f1536f45d34e052e4c7f630c46cd363e785e3231/numpy-2.1.0-cp312-cp312-win_amd64.whl", hash = "sha256:a0cdef204199278f5c461a0bed6ed2e052998276e6d8ab2963d5b5c39a0500bc", size = 12566546, upload-time = "2024-08-18T21:57:02.91Z" },
]

[[package]]
name = "opencv-python-headless"
version = "4.10.0.84"
source = { registry = "https://pypi.org/simple" }
dependencies = [
    { name = "numpy" },
]
sdist = { url = "https://files.pythonhosted.org/packages/2f/7e/d20f68a5f1487adf19d74378d349932a386b1ece3be9be9915e5986db468/opencv-python-headless-4.10.0.84.tar.gz", hash = "sha256:f2017c6101d7c2ef8d7bc3b414c37ff7f54d64413a1847d89970b6b7069b4e1a", size = 95117755, upload-time = "2024-06-17T18:32:15.606Z" }
wheels = [
    { url = "https://files.pythonhosted.org/packages/1c/9b/583c8d9259f6fc19413f83fd18dd8e6cbc8eefb0b4dc6da52dd151fe3272/opencv_python_headless-4.10.0.84-cp37-abi3-macosx_11_0_arm64.whl", hash = "sha256:a4f4bcb07d8f8a7704d9c8564c224c8b064c63f430e95b61ac0bffaa374d330e", size = 54835657, upload-time = "2024-06-18T04:58:12.904Z" },
    { url = "https://files.pythonhosted.org/packages/c0/7b/b4c67f5dad7a9a61c47f7a39e4050e8a4628bd64b3c3daaeb755d759f928/opencv_python_headless-4.10.0.84-cp37-abi3-macosx_12_0_x86_64.whl", hash = "sha256:5ae454ebac0eb0a0b932e3406370aaf4212e6a3fdb5038cc86c7aea15a6851da", size = 56475470, upload-time = "2024-06-17T19:34:39.604Z" },
    { url = "https://files.pythonhosted.org/packages/91/61/f838ce2046f3ec3591ea59ea3549085e399525d3b4558c4ed60b55ed88c0/opencv_python_headless-4.10.0.84-cp37-abi3-manylinux_2_17_aarch64.manylinux2014_aarch64.whl", hash = "sha256:46071015ff9ab40fccd8a163da0ee14ce9846349f06c6c8c0f2870856ffa45db", size = 29329705, upload-time = "2024-06-17T20:00:49.406Z" },
    { url = "https://files.pythonhosted.org/packages/d1/09/248f86a404567303cdf120e4a301f389b68e3b18e5c0cc428de327da609c/opencv_python_headless-4.10.0.84-cp37-abi3-manylinux_2_17_x86_64.manylinux2014_x86_64.whl", hash = "sha256:377d08a7e48a1405b5e84afcbe4798464ce7ee17081c1c23619c8b398ff18295", size = 49858781, upload-time = "2024-06-17T18:31:49.495Z" },
    { url = "https://files.pythonhosted.org/packages/30/c0/66f88d58500e990a9a0a5c06f98862edf1d0a3a430781218a8c193948438/opencv_python_headless-4.10.0.84-cp37-abi3-win32.whl", hash = "sha256:9092404b65458ed87ce932f613ffbb1106ed2c843577501e5768912360fc50ec", size = 28675298, upload-time = "2024-06-17T18:28:56.897Z" },
    { url = "https://files.pythonhosted.org/packages/26/d0/22f68eb23eea053a31655960f133c0be9726c6a881547e6e9e7e2a946c4f/opencv_python_headless-4.10.0.84-cp37-abi3-win_amd64.whl", hash = "sha256:afcf28bd1209dd58810d33defb622b325d3cbe49dcd7a43a902982c33e5fad05", size = 38754031, upload-time = "2024-06-17T18:29:04.871Z" },
]

[[package]]
name = "packaging"
version = "26.2"
source = { registry = "https://pypi.org/simple" }
sdist = { url = "https://files.pythonhosted.org/packages/d7/f1/e7a6dd94a8d4a5626c03e4e99c87f241ba9e350cd9e6d75123f992427270/packaging-26.2.tar.gz", hash = "sha256:ff452ff5a3e828ce110190feff1178bb1f2ea2281fa2075aadb987c2fb221661", size = 228134, upload-time = "2026-04-24T20:15:23.917Z" }
wheels = [
    { url = "https://files.pythonhosted.org/packages/df/b2/87e62e8c3e2f4b32e5fe99e0b86d576da1312593b39f47d8ceef365e95ed/packaging-26.2-py3-none-any.whl", hash = "sha256:5fc45236b9446107ff2415ce77c807cee2862cb6fac22b8a73826d0693b0980e", size = 100195, upload-time = "2026-04-24T20:15:22.081Z" },
]

[[package]]
name = "pluggy"
version = "1.6.0"
source = { registry = "https://pypi.org/simple" }
sdist = { url = "https://files.pythonhosted.org/packages/f9/e2/3e91f31a7d2b083fe6ef3fa267035b518369d9511ffab804f839851d2779/pluggy-1.6.0.tar.gz", hash = "sha256:7dcc130b76258d33b90f61b658791dede3486c3e6bfb003ee5c9bfb396dd22f3", size = 69412, upload-time = "2025-05-15T12:30:07.975Z" }
wheels = [
    { url = "https://files.pythonhosted.org/packages/54/20/4d324d65cc6d9205fabedc306948156824eb9f0ee1633355a8f7ec5c66bf/pluggy-1.6.0-py3-none-any.whl", hash = "sha256:e920276dd6813095e9377c0bc5566d94c932c33b27a3e3945d8389c374dd4746", size = 20538, upload-time = "2025-05-15T12:30:06.134Z" },
]

[[package]]
name = "pydantic"
version = "2.8.2"
source = { registry = "https://pypi.org/simple" }
dependencies = [
    { name = "annotated-types" },
    { name = "pydantic-core" },
    { name = "typing-extensions" },
]
sdist = { url = "https://files.pythonhosted.org/packages/8c/99/d0a5dca411e0a017762258013ba9905cd6e7baa9a3fd1fe8b6529472902e/pydantic-2.8.2.tar.gz", hash = "sha256:6f62c13d067b0755ad1c21a34bdd06c0c12625a22b0fc09c6b149816604f7c2a", size = 739834, upload-time = "2024-07-04T02:59:49.416Z" }
wheels = [
    { url = "https://files.pythonhosted.org/packages/1f/fa/b7f815b8c9ad021c07f88875b601222ef5e70619391ade4a49234d12d278/pydantic-2.8.2-py3-none-any.whl", hash = "sha256:73ee9fddd406dc318b885c7a2eab8a6472b68b8fb5ba8150949fc3db939f23c8", size = 423875, upload-time = "2024-07-04T02:59:45.33Z" },
]

[[package]]
name = "pydantic-core"
version = "2.20.1"
source = { registry = "https://pypi.org/simple" }
dependencies = [
    { name = "typing-extensions" },
]
sdist = { url = "https://files.pythonhosted.org/packages/12/e3/0d5ad91211dba310f7ded335f4dad871172b9cc9ce204f5a56d76ccd6247/pydantic_core-2.20.1.tar.gz", hash = "sha256:26ca695eeee5f9f1aeeb211ffc12f10bcb6f71e2989988fda61dabd65db878d4", size = 388371, upload-time = "2024-07-03T17:04:13.963Z" }
wheels = [
    { url = "https://files.pythonhosted.org/packages/6f/47/ef0d60ae23c41aced42921728650460dc831a0adf604bfa66b76028cb4d0/pydantic_core-2.20.1-cp312-cp312-macosx_10_12_x86_64.whl", hash = "sha256:595ba5be69b35777474fa07f80fc260ea71255656191adb22a8c53aba4479231", size = 1839225, upload-time = "2024-07-03T17:01:15.981Z" },
    { url = "https://files.pythonhosted.org/packages/6a/23/430f2878c9cd977a61bb39f71751d9310ec55cee36b3d5bf1752c6341fd0/pydantic_core-2.20.1-cp312-cp312-macosx_11_0_arm64.whl", hash = "sha256:a4f55095ad087474999ee28d3398bae183a66be4823f753cd7d67dd0153427c9", size = 1768604, upload-time = "2024-07-03T17:01:18.188Z" },
    { url = "https://files.pythonhosted.org/packages/9e/2b/ec4e7225dee79e0dc80ccc3c35ab33cc2c4bbb8a1a7ecf060e5e453651ec/pydantic_core-2.20.1-cp312-cp312-manylinux_2_17_aarch64.manylinux2014_aarch64.whl", hash = "sha256:f9aa05d09ecf4c75157197f27cdc9cfaeb7c5f15021c6373932bf3e124af029f", size = 1789767, upload-time = "2024-07-03T17:01:20.86Z" },
    { url = "https://files.pythonhosted.org/packages/64/b0/38b24a1fa6d2f96af3148362e10737ec073768cd44d3ec21dca3be40a519/pydantic_core-2.20.1-cp312-cp312-manylinux_2_17_armv7l.manylinux2014_armv7l.whl", hash = "sha256:e97fdf088d4b31ff4ba35db26d9cc472ac7ef4a2ff2badeabf8d727b3377fc52", size = 1772061, upload-time = "2024-07-03T17:01:23.9Z" },
    { url = "https://files.pythonhosted.org/packages/5e/da/bb73274c42cb60decfa61e9eb0c9029da78b3b9af0a9de0309dbc8ff87b6/pydantic_core-2.20.1-cp312-cp312-manylinux_2_17_ppc64le.manylinux2014_ppc64le.whl", hash = "sha256:bc633a9fe1eb87e250b5c57d389cf28998e4292336926b0b6cdaee353f89a237", size = 1974573, upload-time = "2024-07-03T17:01:26.318Z" },
    { url = "https://files.pythonhosted.org/packages/c8/65/41693110fb3552556180460daffdb8bbeefb87fc026fd9aa4b849374015c/pydantic_core-2.20.1-cp312-cp312-manylinux_2_17_s390x.manylinux2014_s390x.whl", hash = "sha256:d573faf8eb7e6b1cbbcb4f5b247c60ca8be39fe2c674495df0eb4318303137fe", size = 2625596, upload-time = "2024-07-03T17:01:28.775Z" },
    { url = "https://files.pythonhosted.org/packages/09/b3/a5a54b47cccd1ab661ed5775235c5e06924753c2d4817737c5667bfa19a8/pydantic_core-2.20.1-cp312-cp312-manylinux_2_17_x86_64.manylinux2014_x86_64.whl", hash = "sha256:26dc97754b57d2fd00ac2b24dfa341abffc380b823211994c4efac7f13b9e90e", size = 2099064, upload-time = "2024-07-03T17:01:30.962Z" },
    { url = "https://files.pythonhosted.org/packages/52/fa/443a7a6ea54beaba45ff3a59f3d3e6e3004b7460bcfb0be77bcf98719d3b/pydantic_core-2.20.1-cp312-cp312-manylinux_2_5_i686.manylinux1_i686.whl", hash = "sha256:33499e85e739a4b60c9dac710c20a08dc73cb3240c9a0e22325e671b27b70d24", size = 1900345, upload-time = "2024-07-03T17:01:33.634Z" },
    { url = "https://files.pythonhosted.org/packages/8e/e6/9aca9ffae60f9cdf0183069de3e271889b628d0fb175913fcb3db5618fb1/pydantic_core-2.20.1-cp312-cp312-musllinux_1_1_aarch64.whl", hash = "sha256:bebb4d6715c814597f85297c332297c6ce81e29436125ca59d1159b07f423eb1", size = 1968252, upload-time = "2024-07-03T17:01:36.291Z" },
    { url = "https://files.pythonhosted.org/packages/46/5e/6c716810ea20a6419188992973a73c2fb4eb99cd382368d0637ddb6d3c99/pydantic_core-2.20.1-cp312-cp312-musllinux_1_1_x86_64.whl", hash = "sha256:516d9227919612425c8ef1c9b869bbbee249bc91912c8aaffb66116c0b447ebd", size = 2119191, upload-time = "2024-07-03T17:01:38.905Z" },
    { url = "https://files.pythonhosted.org/packages/06/fc/6123b00a9240fbb9ae0babad7a005d51103d9a5d39c957a986f5cdd0c271/pydantic_core-2.20.1-cp312-none-win32.whl", hash = "sha256:469f29f9093c9d834432034d33f5fe45699e664f12a13bf38c04967ce233d688", size = 1717788, upload-time = "2024-07-03T17:01:41.329Z" },
    { url = "https://files.pythonhosted.org/packages/d5/36/e61ad5a46607a469e2786f398cd671ebafcd9fb17f09a2359985c7228df5/pydantic_core-2.20.1-cp312-none-win_amd64.whl", hash = "sha256:035ede2e16da7281041f0e626459bcae33ed998cca6a0a007a5ebb73414ac72d", size = 1898188, upload-time = "2024-07-03T17:01:44.155Z" },
]

[[package]]
name = "pydantic-settings"
version = "2.3.4"
source = { registry = "https://pypi.org/simple" }
dependencies = [
    { name = "pydantic" },
    { name = "python-dotenv" },
]
sdist = { url = "https://files.pythonhosted.org/packages/d9/11/fd8ae4050bc80b7d00a4396fb0c1c5acd6a7eabb3a9a38f653f7f16f6bd0/pydantic_settings-2.3.4.tar.gz", hash = "sha256:c5802e3d62b78e82522319bbc9b8f8ffb28ad1c988a99311d04f2a6051fca0a7", size = 59231, upload-time = "2024-06-24T15:55:45.132Z" }
wheels = [
    { url = "https://files.pythonhosted.org/packages/e8/4f/aad03d5f711717d94d7de9684cb542343b392df1ad6889118636674fc983/pydantic_settings-2.3.4-py3-none-any.whl", hash = "sha256:11ad8bacb68a045f00e4f862c7a718c8a9ec766aa8fd4c32e39a0594b207b53a", size = 22562, upload-time = "2024-06-24T15:55:40.899Z" },
]

[[package]]
name = "pytest"
version = "8.3.2"
source = { registry = "https://pypi.org/simple" }
dependencies = [
    { name = "colorama", marker = "sys_platform == 'win32'" },
    { name = "iniconfig" },
    { name = "packaging" },
    { name = "pluggy" },
]
sdist = { url = "https://files.pythonhosted.org/packages/b4/8c/9862305bdcd6020bc7b45b1b5e7397a6caf1a33d3025b9a003b39075ffb2/pytest-8.3.2.tar.gz", hash = "sha256:c132345d12ce551242c87269de812483f5bcc87cdbb4722e48487ba194f9fdce", size = 1439314, upload-time = "2024-07-25T10:40:00.159Z" }
wheels = [
    { url = "https://files.pythonhosted.org/packages/0f/f9/cf155cf32ca7d6fa3601bc4c5dd19086af4b320b706919d48a4c79081cf9/pytest-8.3.2-py3-none-any.whl", hash = "sha256:4ba08f9ae7dcf84ded419494d229b48d0903ea6407b030eaec46df5e6a73bba5", size = 341802, upload-time = "2024-07-25T10:39:57.834Z" },
]

[[package]]
name = "python-dotenv"
version = "1.2.2"
source = { registry = "https://pypi.org/simple" }
sdist = { url = "https://files.pythonhosted.org/packages/82/ed/0301aeeac3e5353ef3d94b6ec08bbcabd04a72018415dcb29e588514bba8/python_dotenv-1.2.2.tar.gz", hash = "sha256:2c371a91fbd7ba082c2c1dc1f8bf89ca22564a087c2c287cd9b662adde799cf3", size = 50135, upload-time = "2026-03-01T16:00:26.196Z" }
wheels = [
    { url = "https://files.pythonhosted.org/packages/0b/d7/1959b9648791274998a9c3526f6d0ec8fd2233e4d4acce81bbae76b44b2a/python_dotenv-1.2.2-py3-none-any.whl", hash = "sha256:1d8214789a24de455a8b8bd8ae6fe3c6b69a5e3d64aa8a8e5d68e694bbcb285a", size = 22101, upload-time = "2026-03-01T16:00:25.09Z" },
]

[[package]]
name = "ruff"
version = "0.6.2"
source = { registry = "https://pypi.org/simple" }
sdist = { url = "https://files.pythonhosted.org/packages/23/f4/279d044f66b79261fd37df76bf72b64471afab5d3b7906a01499c4451910/ruff-0.6.2.tar.gz", hash = "sha256:239ee6beb9e91feb8e0ec384204a763f36cb53fb895a1a364618c6abb076b3be", size = 2460281, upload-time = "2024-08-22T13:47:24.093Z" }
wheels = [
    { url = "https://files.pythonhosted.org/packages/72/4b/47dd7a69287afb4069fa42c198e899463605460a58120196711bfcf0446b/ruff-0.6.2-py3-none-linux_armv6l.whl", hash = "sha256:5c8cbc6252deb3ea840ad6a20b0f8583caab0c5ef4f9cca21adc5a92b8f79f3c", size = 9695871, upload-time = "2024-08-22T13:46:20.015Z" },
    { url = "https://files.pythonhosted.org/packages/ae/c3/8aac62ac4638c14a740ee76a755a925f2d0d04580ab790a9887accb729f6/ruff-0.6.2-py3-none-macosx_10_12_x86_64.whl", hash = "sha256:17002fe241e76544448a8e1e6118abecbe8cd10cf68fde635dad480dba594570", size = 9459354, upload-time = "2024-08-22T13:46:24.217Z" },
    { url = "https://files.pythonhosted.org/packages/2f/cf/77fbd8d4617b9b9c503f9bffb8552c4e3ea1a58dc36975e7a9104ffb0f85/ruff-0.6.2-py3-none-macosx_11_0_arm64.whl", hash = "sha256:3dbeac76ed13456f8158b8f4fe087bf87882e645c8e8b606dd17b0b66c2c1158", size = 9163871, upload-time = "2024-08-22T13:46:27.996Z" },
    { url = "https://files.pythonhosted.org/packages/05/1c/765192bab32b79efbb498b06f0b9dcb3629112b53b8777ae1d19b8209e09/ruff-0.6.2-py3-none-manylinux_2_17_aarch64.manylinux2014_aarch64.whl", hash = "sha256:094600ee88cda325988d3f54e3588c46de5c18dae09d683ace278b11f9d4d534", size = 10096250, upload-time = "2024-08-22T13:46:31.036Z" },
    { url = "https://files.pythonhosted.org/packages/08/d0/86f3cb0f6934c99f759c232984a5204d67a26745cad2d9edff6248adf7d2/ruff-0.6.2-py3-none-manylinux_2_17_armv7l.manylinux2014_armv7l.whl", hash = "sha256:316d418fe258c036ba05fbf7dfc1f7d3d4096db63431546163b472285668132b", size = 9475376, upload-time = "2024-08-22T13:46:36.913Z" },
    { url = "https://files.pythonhosted.org/packages/cd/cc/4c8d0e225b559a3fae6092ec310d7150d3b02b4669e9223f783ef64d82c0/ruff-0.6.2-py3-none-manylinux_2_17_i686.manylinux2014_i686.whl", hash = "sha256:d72b8b3abf8a2d51b7b9944a41307d2f442558ccb3859bbd87e6ae9be1694a5d", size = 10295634, upload-time = "2024-08-22T13:46:39.952Z" },
    { url = "https://files.pythonhosted.org/packages/db/96/d2699cfb1bb5a01c68122af43454c76c31331e1c8a9bd97d653d7c82524b/ruff-0.6.2-py3-none-manylinux_2_17_ppc64.manylinux2014_ppc64.whl", hash = "sha256:2aed7e243be68487aa8982e91c6e260982d00da3f38955873aecd5a9204b1d66", size = 11024941, upload-time = "2024-08-22T13:46:44.348Z" },
    { url = "https://files.pythonhosted.org/packages/8b/a9/6ecd66af8929e0f2a1ed308a4137f3521789f28f0eb97d32c2ca3aa7000c/ruff-0.6.2-py3-none-manylinux_2_17_ppc64le.manylinux2014_ppc64le.whl", hash = "sha256:d371f7fc9cec83497fe7cf5eaf5b76e22a8efce463de5f775a1826197feb9df8", size = 10606894, upload-time = "2024-08-22T13:46:48.722Z" },
    { url = "https://files.pythonhosted.org/packages/e4/73/2ee4cd19f44992fedac1cc6db9e3d825966072f6dcbd4032f21cbd063170/ruff-0.6.2-py3-none-manylinux_2_17_s390x.manylinux2014_s390x.whl", hash = "sha256:a8f310d63af08f583363dfb844ba8f9417b558199c58a5999215082036d795a1", size = 11552886, upload-time = "2024-08-22T13:46:51.908Z" },
    { url = "https://files.pythonhosted.org/packages/60/4c/c0f1cd35ce4a93c54a6bb1ee6934a3a205fa02198dd076678193853ceea1/ruff-0.6.2-py3-none-manylinux_2_17_x86_64.manylinux2014_x86_64.whl", hash = "sha256:7db6880c53c56addb8638fe444818183385ec85eeada1d48fc5abe045301b2f1", size = 10264945, upload-time = "2024-08-22T13:46:55.101Z" },
    { url = "https://files.pythonhosted.org/packages/c4/89/e45c9359b9cdd4245512ea2b9f2bb128a997feaa5f726fc9e8c7a66afadf/ruff-0.6.2-py3-none-musllinux_1_2_aarch64.whl", hash = "sha256:1175d39faadd9a50718f478d23bfc1d4da5743f1ab56af81a2b6caf0a2394f23", size = 10100007, upload-time = "2024-08-22T13:47:00.389Z" },
    { url = "https://files.pythonhosted.org/packages/06/74/0bd4e0a7ed5f6908df87892f9bf60a2356c0fd74102d8097298bd9b4f346/ruff-0.6.2-py3-none-musllinux_1_2_armv7l.whl", hash = "sha256:5b939f9c86d51635fe486585389f54582f0d65b8238e08c327c1534844b3bb9a", size = 9559267, upload-time = "2024-08-22T13:47:03.973Z" },
    { url = "https://files.pythonhosted.org/packages/54/03/3dc6dc9419f276f05805bf888c279e3e0b631284abd548d9e87cebb93aec/ruff-0.6.2-py3-none-musllinux_1_2_i686.whl", hash = "sha256:d0d62ca91219f906caf9b187dea50d17353f15ec9bb15aae4a606cd697b49b4c", size = 9905304, upload-time = "2024-08-22T13:47:08.582Z" },
    { url = "https://files.pythonhosted.org/packages/5c/5b/d6a72a6a6bbf097c09de468326ef5fa1c9e7aa5e6e45979bc0d984b0dbe7/ruff-0.6.2-py3-none-musllinux_1_2_x86_64.whl", hash = "sha256:7438a7288f9d67ed3c8ce4d059e67f7ed65e9fe3aa2ab6f5b4b3610e57e3cb56", size = 10341480, upload-time = "2024-08-22T13:47:11.91Z" },
    { url = "https://files.pythonhosted.org/packages/79/a9/0f2f21fe15ba537c46598f96aa9ae4a3d4b9ec64926664617ca6a8c772f4/ruff-0.6.2-py3-none-win32.whl", hash = "sha256:279d5f7d86696df5f9549b56b9b6a7f6c72961b619022b5b7999b15db392a4da", size = 7961901, upload-time = "2024-08-22T13:47:15.168Z" },
    { url = "https://files.pythonhosted.org/packages/b0/80/fff12ffe11853d9f4ea3e5221e6dd2e93640a161c05c9579833e09ad40a7/ruff-0.6.2-py3-none-win_amd64.whl", hash = "sha256:d9f3469c7dd43cd22eb1c3fc16926fb8258d50cb1b216658a07be95dd117b0f2", size = 8783320, upload-time = "2024-08-22T13:47:17.889Z" },
    { url = "https://files.pythonhosted.org/packages/56/91/577cdd64cce5e74d3f8b5ecb93f29566def569c741eb008aed4f331ef821/ruff-0.6.2-py3-none-win_arm64.whl", hash = "sha256:f28fcd2cd0e02bdf739297516d5643a945cc7caf09bd9bcb4d932540a5ea4fa9", size = 8225886, upload-time = "2024-08-22T13:47:20.844Z" },
]

[[package]]
name = "sniffio"
version = "1.3.1"
source = { registry = "https://pypi.org/simple" }
sdist = { url = "https://files.pythonhosted.org/packages/a2/87/a6771e1546d97e7e041b6ae58d80074f81b7d5121207425c964ddf5cfdbd/sniffio-1.3.1.tar.gz", hash = "sha256:f4324edc670a0f49750a81b895f35c3adb843cca46f0530f79fc1babb23789dc", size = 20372, upload-time = "2024-02-25T23:20:04.057Z" }
wheels = [
    { url = "https://files.pythonhosted.org/packages/e9/44/75a9c9421471a6c4805dbf2356f7c181a29c1879239abab1ea2cc8f38b40/sniffio-1.3.1-py3-none-any.whl", hash = "sha256:2f6da418d1f1e0fddd844478f41680e794e6051915791a034ff65e5f100525a2", size = 10235, upload-time = "2024-02-25T23:20:01.196Z" },
]

[[package]]
name = "ty"
version = "0.0.29"
source = { registry = "https://pypi.org/simple" }
sdist = { url = "https://files.pythonhosted.org/packages/47/d5/853561de49fae38c519e905b2d8da9c531219608f1fccc47a0fc2c896980/ty-0.0.29.tar.gz", hash = "sha256:e7936cca2f691eeda631876c92809688dbbab68687c3473f526cd83b6a9228d8", size = 5469221, upload-time = "2026-04-05T15:01:21.328Z" }
wheels = [
    { url = "https://files.pythonhosted.org/packages/03/b7/911f9962115acfa24e3b2ec9d4992dd994c38e8769e1b1d7680bb4d28a51/ty-0.0.29-py3-none-linux_armv6l.whl", hash = "sha256:b8a40955f7660d3eaceb0d964affc81b790c0765e7052921a5f861ff8a471c30", size = 10568206, upload-time = "2026-04-05T15:01:19.165Z" },
    { url = "https://files.pythonhosted.org/packages/fe/c3/fcae2167d4c77a97269f92f11d1b43b03617f81de1283d5d05b43432110c/ty-0.0.29-py3-none-macosx_10_12_x86_64.whl", hash = "sha256:6b6849adae15b00bbe2d3c5b078967dcb62eba37d38936b8eeb4c81a82d2e3b8", size = 10442530, upload-time = "2026-04-05T15:01:28.471Z" },
    { url = "https://files.pythonhosted.org/packages/97/33/5a6bfa240cfcb9c36046ae2459fa9ea23238d20130d8656ff5ac4d6c012a/ty-0.0.29-py3-none-macosx_11_0_arm64.whl", hash = "sha256:dcdd9b17209788152f7b7ea815eda07989152325052fe690013537cc7904ce49", size = 9915735, upload-time = "2026-04-05T15:01:10.365Z" },
    { url = "https://files.pythonhosted.org/packages/b3/1e/318f45fae232118e81a6306c30f50de42c509c412128d5bd231eab699ffb/ty-0.0.29-py3-none-manylinux_2_17_aarch64.manylinux2014_aarch64.whl", hash = "sha256:9d8ed4789bae78ffaf94462c0d25589a734cab0366b86f2bbcb1bb90e1a7a169", size = 10419748, upload-time = "2026-04-05T15:01:32.375Z" },
    { url = "https://files.pythonhosted.org/packages/a9/a8/5687872e2ab5a0f7dd4fd8456eac31e9381ad4dc74961f6f29965ad4dd91/ty-0.0.29-py3-none-manylinux_2_17_armv7l.manylinux2014_armv7l.whl", hash = "sha256:91ec374b8565e0ad0900011c24641ebbef2da51adbd4fb69ff3280c8a7eceb02", size = 10394738, upload-time = "2026-04-05T15:01:06.473Z" },
    { url = "https://files.pythonhosted.org/packages/de/68/015d118097eeb95e6a44c4abce4c0a28b7b9dfb3085b7f0ee48e4f099633/ty-0.0.29-py3-none-manylinux_2_17_i686.manylinux2014_i686.whl", hash = "sha256:298a8d5faa2502d3810bbbb47a030b9455495b9921594206043c785dd61548cf", size = 10910613, upload-time = "2026-04-05T15:01:17.17Z" },
    { url = "https://files.pythonhosted.org/packages/1c/01/47ce3c6c53e0670eadbe80756b167bf80ed6681d1ba57cfde2e8065a13d1/ty-0.0.29-py3-none-manylinux_2_17_ppc64le.manylinux2014_ppc64le.whl", hash = "sha256:3c8fba1a3524c6109d1e020d92301c79d41bf442fa8d335b9fa366239339cb70", size = 11475750, upload-time = "2026-04-05T15:01:30.461Z" },
    { url = "https://files.pythonhosted.org/packages/c4/cf/e361845b1081c9264ad5b7c963231bab03f2666865a9f2a115c4233f2137/ty-0.0.29-py3-none-manylinux_2_17_s390x.manylinux2014_s390x.whl", hash = "sha256:4c48adf88a70d264128c39ee922ed14a947817fced1e93c08c1a89c9244edcde", size = 11190055, upload-time = "2026-04-05T15:01:12.369Z" },
    { url = "https://files.pythonhosted.org/packages/79/12/0fb0857e9a62cb11586e9a712103877bbf717f5fb570d16634408cfdefee/ty-0.0.29-py3-none-manylinux_2_17_x86_64.manylinux2014_x86_64.whl", hash = "sha256:2ce0a7a0e96bc7b42518cd3a1a6a6298ef64ff40ca4614355c1aa807059b5c6f", size = 11020539, upload-time = "2026-04-05T15:01:37.022Z" },
    { url = "https://files.pythonhosted.org/packages/20/36/5a26753802083f80cd125db6c4348ad42b3c982ec36e718e0bf4c18f75e5/ty-0.0.29-py3-none-musllinux_1_2_aarch64.whl", hash = "sha256:a6ac86a05b4a3731d45365ab97780acc7b8146fa62fccb3cbe94fe6546c67a97", size = 10396399, upload-time = "2026-04-05T15:01:26.167Z" },
    { url = "https://files.pythonhosted.org/packages/00/e6/b4e75b5752239ab3ab400f19faef4dbef81d05aab5d3419fda0c062a3765/ty-0.0.29-py3-none-musllinux_1_2_armv7l.whl", hash = "sha256:6bbbf53141af0f3150bf288d716263f1a3550054e4b3551ca866d38192ba9891", size = 10421461, upload-time = "2026-04-05T15:01:08.367Z" },
    { url = "https://files.pythonhosted.org/packages/c0/21/1084b5b609f9abed62070ec0b31c283a403832a6310c8bbc208bd45ee1e6/ty-0.0.29-py3-none-musllinux_1_2_i686.whl", hash = "sha256:1c9e06b770c1d0ff5efc51e34312390db31d53fcf3088163f413030b42b74f84", size = 10599187, upload-time = "2026-04-05T15:01:23.52Z" },
    { url = "https://files.pythonhosted.org/packages/ab/a1/ce19a2ca717bbcc1ee11378aba52ef70b6ce5b87245162a729d9fdc2360f/ty-0.0.29-py3-none-musllinux_1_2_x86_64.whl", hash = "sha256:0307fe37e3f000ef1a4ae230bbaf511508a78d24a5e51b40902a21b09d5e6037", size = 11121198, upload-time = "2026-04-05T15:01:15.22Z" },
    { url = "https://files.pythonhosted.org/packages/6b/6b/f1430b279af704321566ce7ec2725d3d8258c2f815ebd93e474c64cd4543/ty-0.0.29-py3-none-win32.whl", hash = "sha256:7a2a898217960a825f8bc0087e1fdbaf379606175e98f9807187221d53a4a8ed", size = 9995331, upload-time = "2026-04-05T15:01:01.32Z" },
    { url = "https://files.pythonhosted.org/packages/d2/ef/3ef01c17785ff9a69378465c7d0faccd48a07b163554db0995e5d65a5a23/ty-0.0.29-py3-none-win_amd64.whl", hash = "sha256:fc1294200226b91615acbf34e0a9ad81caf98c081e9c6a912a31b0a7b603bc3f", size = 11023644, upload-time = "2026-04-05T15:01:04.432Z" },
    { url = "https://files.pythonhosted.org/packages/2c/55/87280a994d6a2d2647c65e12abbc997ed49835794366153c04c4d9304d76/ty-0.0.29-py3-none-win_arm64.whl", hash = "sha256:f9794bbd1bb3ce13f78c191d0c89ae4c63f52c12b6daa0c6fe220b90d019d12c", size = 10428165, upload-time = "2026-04-05T15:01:34.665Z" },
]

[[package]]
name = "typing-extensions"
version = "4.16.0"
source = { registry = "https://pypi.org/simple" }
sdist = { url = "https://files.pythonhosted.org/packages/f6/cc/6253133b5bb138fc3306cebfbda2c520f545d36b5be2c7255cc528bb45d6/typing_extensions-4.16.0.tar.gz", hash = "sha256:dc983d19a509c94dba722ee6abd33940f7c05a89e243c47e907eb4db6f1a43e5", size = 113555, upload-time = "2026-07-02T08:40:05.92Z" }
wheels = [
    { url = "https://files.pythonhosted.org/packages/49/d3/b8441a820a491ddfc024b0b0cf0393375b75ea13866d9c66727e54c2fc80/typing_extensions-4.16.0-py3-none-any.whl", hash = "sha256:481caa481374e813c1b176ada14e97f1f67a4539ce9cfeb3f350d78d6370c2e8", size = 45571, upload-time = "2026-07-02T08:40:04.659Z" },
]
